
Microsoft Visual Studio Solution File, Format Version 11.00
# Visual C# Express 2010
Project("{FAE04EC0-301F-11D3-BF4B-00C04F79EFBC}") = "V_Mathematics", "V_Mathematics\V_Mathematics.csproj", "{05D49FA0-CBF3-40D6-B92C-F2D71A0EB587}"
EndProject
Project("{FAE04EC0-301F-11D3-BF4B-00C04F79EFBC}") = "V_DataStruk", "..\V_DataStruk\V_DataStruk\V_DataStruk.csproj", "{C2C84BBA-4CBD-4DA1-9E1E-F9C964196206}"
EndProject
Project("{FAE04EC0-301F-11D3-BF4B-00C04F79EFBC}") = "QuickTests", "QuickTests\QuickTests.csproj", "{AD4A1A98-A983-4E22-B73E-86ECF7F5A35D}"
EndProject
Project("{FAE04EC0-301F-11D3-BF4B-00C04F79EFBC}") = "ComplexMaps", "ComplexMaps\ComplexMaps.csproj", "{6C3D1FAE-FFB8-476A-AB74-50A4FDEC37B4}"
EndProject
Project("{FAE04EC0-301F-11D3-BF4B-00C04F79EFBC}") = "V_Mathematics_Unit", "V_Mathematics_Unit\V_Mathematics_Unit.csproj", "{35B127F3-875F-487D-B302-DD555A5A40A6}"
EndProject
Project("{FAE04EC0-301F-11D3-BF4B-00C04F79EFBC}") = "NUnit_Unofficial", "..\NUnit_Unofficial\NUnit_Unofficial\NUnit_Unofficial.csproj", "{8379E588-F5E8-4F0B-B68A-AD492652472F}"
EndProject
Project("{FAE04EC0-301F-11D3-BF4B-00C04F79EFBC}") = "MathConsole", "MathConsole\MathConsole.csproj", "{D8915F82-D2F1-41CB-8EED-E3E28F738349}"
EndProject
Project("{FAE04EC0-301F-11D3-BF4B-00C04F79EFBC}") = "RandTests", "RandTests\RandTests.csproj", "{DC9C85AE-9C8A-457C-96AC-BF16FA769532}"
EndProject
Global
	GlobalSection(SolutionConfigurationPlatforms) = preSolution
		Debug|Any CPU = Debug|Any CPU
		Debug|Mixed Platforms = Debug|Mixed Platforms
		Debug|x86 = Debug|x86
		Release|Any CPU = Release|Any CPU
		Release|Mixed Platforms = Release|Mixed Platforms
		Release|x86 = Release|x86
	EndGlobalSection
	GlobalSection(ProjectConfigurationPlatforms) = postSolution
		{05D49FA0-CBF3-40D6-B92C-F2D71A0EB587}.Debug|Any CPU.ActiveCfg = Debug|Any CPU
		{05D49FA0-CBF3-40D6-B92C-F2D71A0EB587}.Debug|Any CPU.Build.0 = Debug|Any CPU
		{05D49FA0-CBF3-40D6-B92C-F2D71A0EB587}.Debug|Mixed Platforms.ActiveCfg = Debug|Any CPU
		{05D49FA0-CBF3-40D6-B92C-F2D71A0EB587}.Debug|Mixed Platforms.Build.0 = Debug|Any CPU
		{05D49FA0-CBF3-40D6-B92C-F2D71A0EB587}.Debug|x86.ActiveCfg = Debug|Any CPU
		{05D49FA0-CBF3-40D6-B92C-F2D71A0EB587}.Release|Any CPU.ActiveCfg = Release|Any CPU
		{05D49FA0-CBF3-40D6-B92C-F2D71A0EB587}.Release|Any CPU.Build.0 = Release|Any CPU
		{05D49FA0-CBF3-40D6-B92C-F2D71A0EB587}.Release|Mixed Platforms.ActiveCfg = Release|Any CPU
		{05D49FA0-CBF3-40D6-B92C-F2D71A0EB587}.Release|Mixed Platforms.Build.0 = Release|Any CPU
		{05D49FA0-CBF3-40D6-B92C-F2D71A0EB587}.Release|x86.ActiveCfg = Release|Any CPU
		{C2C84BBA-4CBD-4DA1-9E1E-F9C964196206}.Debug|Any CPU.ActiveCfg = Debug|Any CPU
		{C2C84BBA-4CBD-4DA1-9E1E-F9C964196206}.Debug|Any CPU.Build.0 = Debug|Any CPU
		{C2C84BBA-4CBD-4DA1-9E1E-F9C964196206}.Debug|Mixed Platforms.ActiveCfg = Debug|Any CPU
		{C2C84BBA-4CBD-4DA1-9E1E-F9C964196206}.Debug|Mixed Platforms.Build.0 = Debug|Any CPU
		{C2C84BBA-4CBD-4DA1-9E1E-F9C964196206}.Debug|x86.ActiveCfg = Debug|Any CPU
		{C2C84BBA-4CBD-4DA1-9E1E-F9C964196206}.Release|Any CPU.ActiveCfg = Release|Any CPU
		{C2C84BBA-4CBD-4DA1-9E1E-F9C964196206}.Release|Any CPU.Build.0 = Release|Any CPU
		{C2C84BBA-4CBD-4DA1-9E1E-F9C964196206}.Release|Mixed Platforms.ActiveCfg = Release|Any CPU
		{C2C84BBA-4CBD-4DA1-9E1E-F9C964196206}.Release|Mixed Platforms.Build.0 = Release|Any CPU
		{C2C84BBA-4CBD-4DA1-9E1E-F9C964196206}.Release|x86.ActiveCfg = Release|Any CPU
		{AD4A1A98-A983-4E22-B73E-86ECF7F5A35D}.Debug|Any CPU.ActiveCfg = Debug|x86
		{AD4A1A98-A983-4E22-B73E-86ECF7F5A35D}.Debug|Mixed Platforms.ActiveCfg = Debug|x86
		{AD4A1A98-A983-4E22-B73E-86ECF7F5A35D}.Debug|Mixed Platforms.Build.0 = Debug|x86
		{AD4A1A98-A983-4E22-B73E-86ECF7F5A35D}.Debug|x86.ActiveCfg = Debug|x86
		{AD4A1A98-A983-4E22-B73E-86ECF7F5A35D}.Debug|x86.Build.0 = Debug|x86
		{AD4A1A98-A983-4E22-B73E-86ECF7F5A35D}.Release|Any CPU.ActiveCfg = Release|x86
		{AD4A1A98-A983-4E22-B73E-86ECF7F5A35D}.Release|Mixed Platforms.ActiveCfg = Release|x86
		{AD4A1A98-A983-4E22-B73E-86ECF7F5A35D}.Release|Mixed Platforms.Build.0 = Release|x86
		{AD4A1A98-A983-4E22-B73E-86ECF7F5A35D}.Release|x86.ActiveCfg = Release|x86
		{AD4A1A98-A983-4E22-B73E-86ECF7F5A35D}.Release|x86.Build.0 = Release|x86
		{6C3D1FAE-FFB8-476A-AB74-50A4FDEC37B4}.Debug|Any CPU.ActiveCfg = Debug|x86
		{6C3D1FAE-FFB8-476A-AB74-50A4FDEC37B4}.Debug|Mixed Platforms.ActiveCfg = Debug|x86
		{6C3D1FAE-FFB8-476A-AB74-50A4FDEC37B4}.Debug|Mixed Platforms.Build.0 = Debug|x86
		{6C3D1FAE-FFB8-476A-AB74-50A4FDEC37B4}.Debug|x86.ActiveCfg = Debug|x86
		{6C3D1FAE-FFB8-476A-AB74-50A4FDEC37B4}.Debug|x86.Build.0 = Debug|x86
		{6C3D1FAE-FFB8-476A-AB74-50A4FDEC37B4}.Release|Any CPU.ActiveCfg = Release|x86
		{6C3D1FAE-FFB8-476A-AB74-50A4FDEC37B4}.Release|Mixed Platforms.ActiveCfg = Release|x86
		{6C3D1FAE-FFB8-476A-AB74-50A4FDEC37B4}.Release|Mixed Platforms.Build.0 = Release|x86
		{6C3D1FAE-FFB8-476A-AB74-50A4FDEC37B4}.Release|x86.ActiveCfg = Release|x86
		{6C3D1FAE-FFB8-476A-AB74-50A4FDEC37B4}.Release|x86.Build.0 = Release|x86
		{35B127F3-875F-487D-B302-DD555A5A40A6}.Debug|Any CPU.ActiveCfg = Debug|x86
		{35B127F3-875F-487D-B302-DD555A5A40A6}.Debug|Mixed Platforms.ActiveCfg = Debug|x86
		{35B127F3-875F-487D-B302-DD555A5A40A6}.Debug|Mixed Platforms.Build.0 = Debug|x86
		{35B127F3-875F-487D-B302-DD555A5A40A6}.Debug|x86.ActiveCfg = Debug|x86
		{35B127F3-875F-487D-B302-DD555A5A40A6}.Debug|x86.Build.0 = Debug|x86
		{35B127F3-875F-487D-B302-DD555A5A40A6}.Release|Any CPU.ActiveCfg = Release|x86
		{35B127F3-875F-487D-B302-DD555A5A40A6}.Release|Mixed Platforms.ActiveCfg = Release|x86
		{35B127F3-875F-487D-B302-DD555A5A40A6}.Release|Mixed Platforms.Build.0 = Release|x86
		{35B127F3-875F-487D-B302-DD555A5A40A6}.Release|x86.ActiveCfg = Release|x86
		{35B127F3-875F-487D-B302-DD555A5A40A6}.Release|x86.Build.0 = Release|x86
		{8379E588-F5E8-4F0B-B68A-AD492652472F}.Debug|Any CPU.ActiveCfg = Debug|Any CPU
		{8379E588-F5E8-4F0B-B68A-AD492652472F}.Debug|Any CPU.Build.0 = Debug|Any CPU
		{8379E588-F5E8-4F0B-B68A-AD492652472F}.Debug|Mixed Platforms.ActiveCfg = Debug|Any CPU
		{8379E588-F5E8-4F0B-B68A-AD492652472F}.Debug|Mixed Platforms.Build.0 = Debug|Any CPU
		{8379E588-F5E8-4F0B-B68A-AD492652472F}.Debug|x86.ActiveCfg = Debug|Any CPU
		{8379E588-F5E8-4F0B-B68A-AD492652472F}.Release|Any CPU.ActiveCfg = Release|Any CPU
		{8379E588-F5E8-4F0B-B68A-AD492652472F}.Release|Any CPU.Build.0 = Release|Any CPU
		{8379E588-F5E8-4F0B-B68A-AD492652472F}.Release|Mixed Platforms.ActiveCfg = Release|Any CPU
		{8379E588-F5E8-4F0B-B68A-AD492652472F}.Release|Mixed Platforms.Build.0 = Release|Any CPU
		{8379E588-F5E8-4F0B-B68A-AD492652472F}.Release|x86.ActiveCfg = Release|Any CPU
		{D8915F82-D2F1-41CB-8EED-E3E28F738349}.Debug|Any CPU.ActiveCfg = Debug|x86
		{D8915F82-D2F1-41CB-8EED-E3E28F738349}.Debug|Mixed Platforms.ActiveCfg = Debug|x86
		{D8915F82-D2F1-41CB-8EED-E3E28F738349}.Debug|Mixed Platforms.Build.0 = Debug|x86
		{D8915F82-D2F1-41CB-8EED-E3E28F738349}.Debug|x86.ActiveCfg = Debug|x86
		{D8915F82-D2F1-41CB-8EED-E3E28F738349}.Debug|x86.Build.0 = Debug|x86
		{D8915F82-D2F1-41CB-8EED-E3E28F738349}.Release|Any CPU.ActiveCfg = Release|x86
		{D8915F82-D2F1-41CB-8EED-E3E28F738349}.Release|Mixed Platforms.ActiveCfg = Release|x86
		{D8915F82-D2F1-41CB-8EED-E3E28F738349}.Release|Mixed Platforms.Build.0 = Release|x86
		{D8915F82-D2F1-41CB-8EED-E3E28F738349}.Release|x86.ActiveCfg = Release|x86
		{D8915F82-D2F1-41CB-8EED-E3E28F738349}.Release|x86.Build.0 = Release|x86
		{DC9C85AE-9C8A-457C-96AC-BF16FA769532}.Debug|Any CPU.ActiveCfg = Debug|x86
		{DC9C85AE-9C8A-457C-96AC-BF16FA769532}.Debug|Mixed Platforms.ActiveCfg = Debug|x86
		{DC9C85AE-9C8A-457C-96AC-BF16FA769532}.Debug|Mixed Platforms.Build.0 = Debug|x86
		{DC9C85AE-9C8A-457C-96AC-BF16FA769532}.Debug|x86.ActiveCfg = Debug|x86
		{DC9C85AE-9C8A-457C-96AC-BF16FA769532}.Debug|x86.Build.0 = Debug|x86
		{DC9C85AE-9C8A-457C-96AC-BF16FA769532}.Release|Any CPU.ActiveCfg = Release|x86
		{DC9C85AE-9C8A-457C-96AC-BF16FA769532}.Release|Mixed Platforms.ActiveCfg = Release|x86
		{DC9C85AE-9C8A-457C-96AC-BF16FA769532}.Release|Mixed Platforms.Build.0 = Release|x86
		{DC9C85AE-9C8A-457C-96AC-BF16FA769532}.Release|x86.ActiveCfg = Release|x86
		{DC9C85AE-9C8A-457C-96AC-BF16FA769532}.Release|x86.Build.0 = Release|x86
	EndGlobalSection
	GlobalSection(SolutionProperties) = preSolution
		HideSolutionNode = FALSE
	EndGlobalSection
EndGlobal
